
Microsoft Visual Studio Solution File, Format Version 12.00
# Visual Studio 2012
Project("{FAE04EC0-301F-11D3-BF4B-00C04F79EFBC}") = "URLEncoder", "URLEncoder\URLEncoder.csproj", "{83CCB1CB-59C6-4746-BA4A-4C1AC86BA758}"
EndProject
Global
	GlobalSection(SolutionConfigurationPlatforms) = preSolution
		Debug|Any CPU = Debug|Any CPU
		Release|Any CPU = Release|Any CPU
	EndGlobalSection
	GlobalSection(ProjectConfigurationPlatforms) = postSolution
		{83CCB1CB-59C6-4746-BA4A-4C1AC86BA758}.Debug|Any CPU.ActiveCfg = Debug|Any CPU
		{83CCB1CB-59C6-4746-BA4A-4C1AC86BA758}.Debug|Any CPU.Build.0 = Debug|Any CPU
		{83CCB1CB-59C6-4746-BA4A-4C1AC86BA758}.Release|Any CPU.ActiveCfg = Release|Any CPU
		{83CCB1CB-59C6-4746-BA4A-4C1AC86BA758}.Release|Any CPU.Build.0 = Release|Any CPU
	EndGlobalSection
EndGlobal
